// !$*UTF8*$!
{
	archiveVersion = 1;
	classes = {
	};
	objectVersion = 56;
	objects = {

/* Begin PBXBuildFile section */
		E282EE132A769D8C00A8B7E1 /* AppDelegate.swift in Sources */ = {isa = PBXBuildFile; fileRef = E282EE122A769D8C00A8B7E1 /* AppDelegate.swift */; };
		E282EE152A769D8C00A8B7E1 /* SceneDelegate.swift in Sources */ = {isa = PBXBuildFile; fileRef = E282EE142A769D8C00A8B7E1 /* SceneDelegate.swift */; };
		E282EE172A769D8C00A8B7E1 /* ViewController.swift in Sources */ = {isa = PBXBuildFile; fileRef = E282EE162A769D8C00A8B7E1 /* ViewController.swift */; };
		E282EE1A2A769D8C00A8B7E1 /* Main.storyboard in Resources */ = {isa = PBXBuildFile; fileRef = E282EE182A769D8C00A8B7E1 /* Main.storyboard */; };
		E282EE1D2A769D8C00A8B7E1 /* News.xcdatamodeld in Sources */ = {isa = PBXBuildFile; fileRef = E282EE1B2A769D8C00A8B7E1 /* News.xcdatamodeld */; };
		E282EE1F2A769D8F00A8B7E1 /* Assets.xcassets in Resources */ = {isa = PBXBuildFile; fileRef = E282EE1E2A769D8F00A8B7E1 /* Assets.xcassets */; };
		E282EE222A769D8F00A8B7E1 /* LaunchScreen.storyboard in Resources */ = {isa = PBXBuildFile; fileRef = E282EE202A769D8F00A8B7E1 /* LaunchScreen.storyboard */; };
		E282EE2D2A769D8F00A8B7E1 /* NewsTests.swift in Sources */ = {isa = PBXBuildFile; fileRef = E282EE2C2A769D8F00A8B7E1 /* NewsTests.swift */; };
		E282EE372A769D9000A8B7E1 /* NewsUITests.swift in Sources */ = {isa = PBXBuildFile; fileRef = E282EE362A769D9000A8B7E1 /* NewsUITests.swift */; };
		E282EE392A769D9000A8B7E1 /* NewsUITestsLaunchTests.swift in Sources */ = {isa = PBXBuildFile; fileRef = E282EE382A769D9000A8B7E1 /* NewsUITestsLaunchTests.swift */; };
/* End PBXBuildFile section */

/* Begin PBXContainerItemProxy section */
		E282EE292A769D8F00A8B7E1 /* PBXContainerItemProxy */ = {
			isa = PBXContainerItemProxy;
			containerPortal = E282EE072A769D8C00A8B7E1 /* Project object */;
			proxyType = 1;
			remoteGlobalIDString = E282EE0E2A769D8C00A8B7E1;
			remoteInfo = News;
		};
		E282EE332A769D8F00A8B7E1 /* PBXContainerItemProxy */ = {
			isa = PBXContainerItemProxy;
			containerPortal = E282EE072A769D8C00A8B7E1 /* Project object */;
			proxyType = 1;
			remoteGlobalIDString = E282EE0E2A769D8C00A8B7E1;
			remoteInfo = News;
		};
/* End PBXContainerItemProxy section */

/* Begin PBXFileReference section */
		E282EE0F2A769D8C00A8B7E1 /* News.app */ = {isa = PBXFileReference; explicitFileType = wrapper.application; includeInIndex = 0; path = News.app; sourceTree = BUILT_PRODUCTS_DIR; };
		E282EE122A769D8C00A8B7E1 /* AppDelegate.swift */ = {isa = PBXFileReference; lastKnownFileType = sourcecode.swift; path = AppDelegate.swift; sourceTree = "<group>"; };
		E282EE142A769D8C00A8B7E1 /* SceneDelegate.swift */ = {isa = PBXFileReference; lastKnownFileType = sourcecode.swift; path = SceneDelegate.swift; sourceTree = "<group>"; };
		E282EE162A769D8C00A8B7E1 /* ViewController.swift */ = {isa = PBXFileReference; lastKnownFileType = sourcecode.swift; path = ViewController.swift; sourceTree = "<group>"; };
		E282EE192A769D8C00A8B7E1 /* Base */ = {isa = PBXFileReference; lastKnownFileType = file.storyboard; name = Base; path = Base.lproj/Main.storyboard; sourceTree = "<group>"; };
		E282EE1C2A769D8C00A8B7E1 /* News.xcdatamodel */ = {isa = PBXFileReference; lastKnownFileType = wrapper.xcdatamodel; path = News.xcdatamodel; sourceTree = "<group>"; };
		E282EE1E2A769D8F00A8B7E1 /* Assets.xcassets */ = {isa = PBXFileReference; lastKnownFileType = folder.assetcatalog; path = Assets.xcassets; sourceTree = "<group>"; };
		E282EE212A769D8F00A8B7E1 /* Base */ = {isa = PBXFileReference; lastKnownFileType = file.storyboard; name = Base; path = Base.lproj/LaunchScreen.storyboard; sourceTree = "<group>"; };
		E282EE232A769D8F00A8B7E1 /* Info.plist */ = {isa = PBXFileReference; lastKnownFileType = text.plist.xml; path = Info.plist; sourceTree = "<group>"; };
		E282EE282A769D8F00A8B7E1 /* NewsTests.xctest */ = {isa = PBXFileReference; explicitFileType = wrapper.cfbundle; includeInIndex = 0; path = NewsTests.xctest; sourceTree = BUILT_PRODUCTS_DIR; };
		E282EE2C2A769D8F00A8B7E1 /* NewsTests.swift */ = {isa = PBXFileReference; lastKnownFileType = sourcecode.swift; path = NewsTests.swift; sourceTree = "<group>"; };
		E282EE322A769D8F00A8B7E1 /* NewsUITests.xctest */ = {isa = PBXFileReference; explicitFileType = wrapper.cfbundle; includeInIndex = 0; path = NewsUITests.xctest; sourceTree = BUILT_PRODUCTS_DIR; };
		E282EE362A769D9000A8B7E1 /* NewsUITests.swift */ = {isa = PBXFileReference; lastKnownFileType = sourcecode.swift; path = NewsUITests.swift; sourceTree = "<group>"; };
		E282EE382A769D9000A8B7E1 /* NewsUITestsLaunchTests.swift */ = {isa = PBXFileReference; lastKnownFileType = sourcecode.swift; path = NewsUITestsLaunchTests.swift; sourceTree = "<group>"; };
/* End PBXFileReference section */

/* Begin PBXFrameworksBuildPhase section */
		E282EE0C2A769D8C00A8B7E1 /* Frameworks */ = {
			isa = PBXFrameworksBuildPhase;
			buildActionMask = 2147483647;
			files = (
			);
			runOnlyForDeploymentPostprocessing = 0;
		};
		E282EE252A769D8F00A8B7E1 /* Frameworks */ = {
			isa = PBXFrameworksBuildPhase;
			buildActionMask = 2147483647;
			files = (
			);
			runOnlyForDeploymentPostprocessing = 0;
		};
		E282EE2F2A769D8F00A8B7E1 /* Frameworks */ = {
			isa = PBXFrameworksBuildPhase;
			buildActionMask = 2147483647;
			files = (
			);
			runOnlyForDeploymentPostprocessing = 0;
		};
/* End PBXFrameworksBuildPhase section */

/* Begin PBXGroup section */
		E282EE062A769D8C00A8B7E1 = {
			isa = PBXGroup;
			children = (
				E282EE112A769D8C00A8B7E1 /* News */,
				E282EE2B2A769D8F00A8B7E1 /* NewsTests */,
				E282EE352A769D9000A8B7E1 /* NewsUITests */,
				E282EE102A769D8C00A8B7E1 /* Products */,
			);
			sourceTree = "<group>";
		};
		E282EE102A769D8C00A8B7E1 /* Products */ = {
			isa = PBXGroup;
			children = (
				E282EE0F2A769D8C00A8B7E1 /* News.app */,
				E282EE282A769D8F00A8B7E1 /* NewsTests.xctest */,
				E282EE322A769D8F00A8B7E1 /* NewsUITests.xctest */,
			);
			name = Products;
			sourceTree = "<group>";
		};
		E282EE112A769D8C00A8B7E1 /* News */ = {
			isa = PBXGroup;
			children = (
				E282EE122A769D8C00A8B7E1 /* AppDelegate.swift */,
				E282EE142A769D8C00A8B7E1 /* SceneDelegate.swift */,
				E282EE162A769D8C00A8B7E1 /* ViewController.swift */,
				E282EE182A769D8C00A8B7E1 /* Main.storyboard */,
				E282EE1E2A769D8F00A8B7E1 /* Assets.xcassets */,
				E282EE202A769D8F00A8B7E1 /* LaunchScreen.storyboard */,
				E282EE232A769D8F00A8B7E1 /* Info.plist */,
				E282EE1B2A769D8C00A8B7E1 /* News.xcdatamodeld */,
			);
			path = News;
			sourceTree = "<group>";
		};
		E282EE2B2A769D8F00A8B7E1 /* NewsTests */ = {
			isa = PBXGroup;
			children = (
				E282EE2C2A769D8F00A8B7E1 /* NewsTests.swift */,
			);
			path = NewsTests;
			sourceTree = "<group>";
		};
		E282EE352A769D9000A8B7E1 /* NewsUITests */ = {
			isa = PBXGroup;
			children = (
				E282EE362A769D9000A8B7E1 /* NewsUITests.swift */,
				E282EE382A769D9000A8B7E1 /* NewsUITestsLaunchTests.swift */,
			);
			path = NewsUITests;
			sourceTree = "<group>";
		};
/* End PBXGroup section */

/* Begin PBXNativeTarget section */
		E282EE0E2A769D8C00A8B7E1 /* News */ = {
			isa = PBXNativeTarget;
			buildConfigurationList = E282EE3C2A769D9000A8B7E1 /* Build configuration list for PBXNativeTarget "News" */;
			buildPhases = (
				E282EE0B2A769D8C00A8B7E1 /* Sources */,
				E282EE0C2A769D8C00A8B7E1 /* Frameworks */,
				E282EE0D2A769D8C00A8B7E1 /* Resources */,
			);
			buildRules = (
			);
			dependencies = (
			);
			name = News;
			productName = News;
			productReference = E282EE0F2A769D8C00A8B7E1 /* News.app */;
			productType = "com.apple.product-type.application";
		};
		E282EE272A769D8F00A8B7E1 /* NewsTests */ = {
			isa = PBXNativeTarget;
			buildConfigurationList = E282EE3F2A769D9000A8B7E1 /* Build configuration list for PBXNativeTarget "NewsTests" */;
			buildPhases = (
				E282EE242A769D8F00A8B7E1 /* Sources */,
				E282EE252A769D8F00A8B7E1 /* Frameworks */,
				E282EE262A769D8F00A8B7E1 /* Resources */,
			);
			buildRules = (
			);
			dependencies = (
				E282EE2A2A769D8F00A8B7E1 /* PBXTargetDependency */,
			);
			name = NewsTests;
			productName = NewsTests;
			productReference = E282EE282A769D8F00A8B7E1 /* NewsTests.xctest */;
			productType = "com.apple.product-type.bundle.unit-test";
		};
		E282EE312A769D8F00A8B7E1 /* NewsUITests */ = {
			isa = PBXNativeTarget;
			buildConfigurationList = E282EE422A769D9000A8B7E1 /* Build configuration list for PBXNativeTarget "NewsUITests" */;
			buildPhases = (
				E282EE2E2A769D8F00A8B7E1 /* Sources */,
				E282EE2F2A769D8F00A8B7E1 /* Frameworks */,
				E282EE302A769D8F00A8B7E1 /* Resources */,
			);
			buildRules = (
			);
			dependencies = (
				E282EE342A769D8F00A8B7E1 /* PBXTargetDependency */,
			);
			name = NewsUITests;
			productName = NewsUITests;
			productReference = E282EE322A769D8F00A8B7E1 /* NewsUITests.xctest */;
			productType = "com.apple.product-type.bundle.ui-testing";
		};
/* End PBXNativeTarget section */

/* Begin PBXProject section */
		E282EE072A769D8C00A8B7E1 /* Project object */ = {
			isa = PBXProject;
			attributes = {
				BuildIndependentTargetsInParallel = 1;
				LastSwiftUpdateCheck = 1430;
				LastUpgradeCheck = 1430;
				TargetAttributes = {
					E282EE0E2A769D8C00A8B7E1 = {
						CreatedOnToolsVersion = 14.3;
					};
					E282EE272A769D8F00A8B7E1 = {
						CreatedOnToolsVersion = 14.3;
						TestTargetID = E282EE0E2A769D8C00A8B7E1;
					};
					E282EE312A769D8F00A8B7E1 = {
						CreatedOnToolsVersion = 14.3;
						TestTargetID = E282EE0E2A769D8C00A8B7E1;
					};
				};
			};
			buildConfigurationList = E282EE0A2A769D8C00A8B7E1 /* Build configuration list for PBXProject "News" */;
			compatibilityVersion = "Xcode 14.0";
			developmentRegion = en;
			hasScannedForEncodings = 0;
			knownRegions = (
				en,
				Base,
			);
			mainGroup = E282EE062A769D8C00A8B7E1;
			productRefGroup = E282EE102A769D8C00A8B7E1 /* Products */;
			projectDirPath = "";
			projectRoot = "";
			targets = (
				E282EE0E2A769D8C00A8B7E1 /* News */,
				E282EE272A769D8F00A8B7E1 /* NewsTests */,
				E282EE312A769D8F00A8B7E1 /* NewsUITests */,
			);
		};
/* End PBXProject section */

/* Begin PBXResourcesBuildPhase section */
		E282EE0D2A769D8C00A8B7E1 /* Resources */ = {
			isa = PBXResourcesBuildPhase;
			buildActionMask = 2147483647;
			files = (
				E282EE222A769D8F00A8B7E1 /* LaunchScreen.storyboard in Resources */,
				E282EE1F2A769D8F00A8B7E1 /* Assets.xcassets in Resources */,
				E282EE1A2A769D8C00A8B7E1 /* Main.storyboard in Resources */,
			);
			runOnlyForDeploymentPostprocessing = 0;
		};
		E282EE262A769D8F00A8B7E1 /* Resources */ = {
			isa = PBXResourcesBuildPhase;
			buildActionMask = 2147483647;
			files = (
			);
			runOnlyForDeploymentPostprocessing = 0;
		};
		E282EE302A769D8F00A8B7E1 /* Resources */ = {
			isa = PBXResourcesBuildPhase;
			buildActionMask = 2147483647;
			files = (
			);
			runOnlyForDeploymentPostprocessing = 0;
		};
/* End PBXResourcesBuildPhase section */

/* Begin PBXSourcesBuildPhase section */
		E282EE0B2A769D8C00A8B7E1 /* Sources */ = {
			isa = PBXSourcesBuildPhase;
			buildActionMask = 2147483647;
			files = (
				E282EE172A769D8C00A8B7E1 /* ViewController.swift in Sources */,
				E282EE132A769D8C00A8B7E1 /* AppDelegate.swift in Sources */,
				E282EE1D2A769D8C00A8B7E1 /* News.xcdatamodeld in Sources */,
				E282EE152A769D8C00A8B7E1 /* SceneDelegate.swift in Sources */,
			);
			runOnlyForDeploymentPostprocessing = 0;
		};
		E282EE242A769D8F00A8B7E1 /* Sources */ = {
			isa = PBXSourcesBuildPhase;
			buildActionMask = 2147483647;
			files = (
				E282EE2D2A769D8F00A8B7E1 /* NewsTests.swift in Sources */,
			);
			runOnlyForDeploymentPostprocessing = 0;
		};
		E282EE2E2A769D8F00A8B7E1 /* Sources */ = {
			isa = PBXSourcesBuildPhase;
			buildActionMask = 2147483647;
			files = (
				E282EE372A769D9000A8B7E1 /* NewsUITests.swift in Sources */,
				E282EE392A769D9000A8B7E1 /* NewsUITestsLaunchTests.swift in Sources */,
			);
			runOnlyForDeploymentPostprocessing = 0;
		};
/* End PBXSourcesBuildPhase section */

/* Begin PBXTargetDependency section */
		E282EE2A2A769D8F00A8B7E1 /* PBXTargetDependency */ = {
			isa = PBXTargetDependency;
			target = E282EE0E2A769D8C00A8B7E1 /* News */;
			targetProxy = E282EE292A769D8F00A8B7E1 /* PBXContainerItemProxy */;
		};
		E282EE342A769D8F00A8B7E1 /* PBXTargetDependency */ = {
			isa = PBXTargetDependency;
			target = E282EE0E2A769D8C00A8B7E1 /* News */;
			targetProxy = E282EE332A769D8F00A8B7E1 /* PBXContainerItemProxy */;
		};
/* End PBXTargetDependency section */

/* Begin PBXVariantGroup section */
		E282EE182A769D8C00A8B7E1 /* Main.storyboard */ = {
			isa = PBXVariantGroup;
			children = (
				E282EE192A769D8C00A8B7E1 /* Base */,
			);
			name = Main.storyboard;
			sourceTree = "<group>";
		};
		E282EE202A769D8F00A8B7E1 /* LaunchScreen.storyboard */ = {
			isa = PBXVariantGroup;
			children = (
				E282EE212A769D8F00A8B7E1 /* Base */,
			);
			name = LaunchScreen.storyboard;
			sourceTree = "<group>";
		};
/* End PBXVariantGroup section */

/* Begin XCBuildConfiguration section */
		E282EE3A2A769D9000A8B7E1 /* Debug */ = {
			isa = XCBuildConfiguration;
			buildSettings = {
				ALWAYS_SEARCH_USER_PATHS = NO;
				CLANG_ANALYZER_NONNULL = YES;
				CLANG_ANALYZER_NUMBER_OBJECT_CONVERSION = YES_AGGRESSIVE;
				CLANG_CXX_LANGUAGE_STANDARD = "gnu++20";
				CLANG_ENABLE_MODULES = YES;
				CLANG_ENABLE_OBJC_ARC = YES;
				CLANG_ENABLE_OBJC_WEAK = YES;
				CLANG_WARN_BLOCK_CAPTURE_AUTORELEASING = YES;
				CLANG_WARN_BOOL_CONVERSION = YES;
				CLANG_WARN_COMMA = YES;
				CLANG_WARN_CONSTANT_CONVERSION = YES;
				CLANG_WARN_DEPRECATED_OBJC_IMPLEMENTATIONS = YES;
				CLANG_WARN_DIRECT_OBJC_ISA_USAGE = YES_ERROR;
				CLANG_WARN_DOCUMENTATION_COMMENTS = YES;
				CLANG_WARN_EMPTY_BODY = YES;
				CLANG_WARN_ENUM_CONVERSION = YES;
				CLANG_WARN_INFINITE_RECURSION = YES;
				CLANG_WARN_INT_CONVERSION = YES;
				CLANG_WARN_NON_LITERAL_NULL_CONVERSION = YES;
				CLANG_WARN_OBJC_IMPLICIT_RETAIN_SELF = YES;
				CLANG_WARN_OBJC_LITERAL_CONVERSION = YES;
				CLANG_WARN_OBJC_ROOT_CLASS = YES_ERROR;
				CLANG_WARN_QUOTED_INCLUDE_IN_FRAMEWORK_HEADER = YES;
				CLANG_WARN_RANGE_LOOP_ANALYSIS = YES;
				CLANG_WARN_STRICT_PROTOTYPES = YES;
				CLANG_WARN_SUSPICIOUS_MOVE = YES;
				CLANG_WARN_UNGUARDED_AVAILABILITY = YES_AGGRESSIVE;
				CLANG_WARN_UNREACHABLE_CODE = YES;
				CLANG_WARN__DUPLICATE_METHOD_MATCH = YES;
				COPY_PHASE_STRIP = NO;
				DEBUG_INFORMATION_FORMAT = dwarf;
				ENABLE_STRICT_OBJC_MSGSEND = YES;
				ENABLE_TESTABILITY = YES;
				GCC_C_LANGUAGE_STANDARD = gnu11;
				GCC_DYNAMIC_NO_PIC = NO;
				GCC_NO_COMMON_BLOCKS = YES;
				GCC_OPTIMIZATION_LEVEL = 0;
				GCC_PREPROCESSOR_DEFINITIONS = (
					"DEBUG=1",
					"$(inherited)",
				);
				GCC_WARN_64_TO_32_BIT_CONVERSION = YES;
				GCC_WARN_ABOUT_RETURN_TYPE = YES_ERROR;
				GCC_WARN_UNDECLARED_SELECTOR = YES;
				GCC_WARN_UNINITIALIZED_AUTOS = YES_AGGRESSIVE;
				GCC_WARN_UNUSED_FUNCTION = YES;
				GCC_WARN_UNUSED_VARIABLE = YES;
				IPHONEOS_DEPLOYMENT_TARGET = 16.4;
				MTL_ENABLE_DEBUG_INFO = INCLUDE_SOURCE;
				MTL_FAST_MATH = YES;
				ONLY_ACTIVE_ARCH = YES;
				SDKROOT = iphoneos;
				SWIFT_ACTIVE_COMPILATION_CONDITIONS = DEBUG;
				SWIFT_OPTIMIZATION_LEVEL = "-Onone";
			};
			name = Debug;
		};
		E282EE3B2A769D9000A8B7E1 /* Release */ = {
			isa = XCBuildConfiguration;
			buildSettings = {
				ALWAYS_SEARCH_USER_PATHS = NO;
				CLANG_ANALYZER_NONNULL = YES;
				CLANG_ANALYZER_NUMBER_OBJECT_CONVERSION = YES_AGGRESSIVE;
				CLANG_CXX_LANGUAGE_STANDARD = "gnu++20";
				CLANG_ENABLE_MODULES = YES;
				CLANG_ENABLE_OBJC_ARC = YES;
				CLANG_ENABLE_OBJC_WEAK = YES;
				CLANG_WARN_BLOCK_CAPTURE_AUTORELEASING = YES;
				CLANG_WARN_BOOL_CONVERSION = YES;
				CLANG_WARN_COMMA = YES;
				CLANG_WARN_CONSTANT_CONVERSION = YES;
				CLANG_WARN_DEPRECATED_OBJC_IMPLEMENTATIONS = YES;
				CLANG_WARN_DIRECT_OBJC_ISA_USAGE = YES_ERROR;
				CLANG_WARN_DOCUMENTATION_COMMENTS = YES;
				CLANG_WARN_EMPTY_BODY = YES;
				CLANG_WARN_ENUM_CONVERSION = YES;
				CLANG_WARN_INFINITE_RECURSION = YES;
				CLANG_WARN_INT_CONVERSION = YES;
				CLANG_WARN_NON_LITERAL_NULL_CONVERSION = YES;
				CLANG_WARN_OBJC_IMPLICIT_RETAIN_SELF = YES;
				CLANG_WARN_OBJC_LITERAL_CONVERSION = YES;
				CLANG_WARN_OBJC_ROOT_CLASS = YES_ERROR;
				CLANG_WARN_QUOTED_INCLUDE_IN_FRAMEWORK_HEADER = YES;
				CLANG_WARN_RANGE_LOOP_ANALYSIS = YES;
				CLANG_WARN_STRICT_PROTOTYPES = YES;
				CLANG_WARN_SUSPICIOUS_MOVE = YES;
				CLANG_WARN_UNGUARDED_AVAILABILITY = YES_AGGRESSIVE;
				CLANG_WARN_UNREACHABLE_CODE = YES;
				CLANG_WARN__DUPLICATE_METHOD_MATCH = YES;
				COPY_PHASE_STRIP = NO;
				DEBUG_INFORMATION_FORMAT = "dwarf-with-dsym";
				ENABLE_NS_ASSERTIONS = NO;
				ENABLE_STRICT_OBJC_MSGSEND = YES;
				GCC_C_LANGUAGE_STANDARD = gnu11;
				GCC_NO_COMMON_BLOCKS = YES;
				GCC_WARN_64_TO_32_BIT_CONVERSION = YES;
				GCC_WARN_ABOUT_RETURN_TYPE = YES_ERROR;
				GCC_WARN_UNDECLARED_SELECTOR = YES;
				GCC_WARN_UNINITIALIZED_AUTOS = YES_AGGRESSIVE;
				GCC_WARN_UNUSED_FUNCTION = YES;
				GCC_WARN_UNUSED_VARIABLE = YES;
				IPHONEOS_DEPLOYMENT_TARGET = 16.4;
				MTL_ENABLE_DEBUG_INFO = NO;
				MTL_FAST_MATH = YES;
				SDKROOT = iphoneos;
				SWIFT_COMPILATION_MODE = wholemodule;
				SWIFT_OPTIMIZATION_LEVEL = "-O";
				VALIDATE_PRODUCT = YES;
			};
			name = Release;
		};
		E282EE3D2A769D9000A8B7E1 /* Debug */ = {
			isa = XCBuildConfiguration;
			buildSettings = {
				ASSETCATALOG_COMPILER_APPICON_NAME = AppIcon;
				ASSETCATALOG_COMPILER_GLOBAL_ACCENT_COLOR_NAME = AccentColor;
				CODE_SIGN_STYLE = Automatic;
				CURRENT_PROJECT_VERSION = 1;
				GENERATE_INFOPLIST_FILE = YES;
				INFOPLIST_FILE = News/Info.plist;
				INFOPLIST_KEY_UIApplicationSupportsIndirectInputEvents = YES;
				INFOPLIST_KEY_UILaunchStoryboardName = LaunchScreen;
				INFOPLIST_KEY_UIMainStoryboardFile = Main;
				INFOPLIST_KEY_UISupportedInterfaceOrientations_iPad = "UIInterfaceOrientationPortrait UIInterfaceOrientationPortraitUpsideDown UIInterfaceOrientationLandscapeLeft UIInterfaceOrientationLandscapeRight";
				INFOPLIST_KEY_UISupportedInterfaceOrientations_iPhone = "UIInterfaceOrientationPortrait UIInterfaceOrientationLandscapeLeft UIInterfaceOrientationLandscapeRight";
				LD_RUNPATH_SEARCH_PATHS = (
					"$(inherited)",
					"@executable_path/Frameworks",
				);
				MARKETING_VERSION = 1.0;
				PRODUCT_BUNDLE_IDENTIFIER = AHMED.News;
				PRODUCT_NAME = "$(TARGET_NAME)";
				SWIFT_EMIT_LOC_STRINGS = YES;
				SWIFT_VERSION = 5.0;
				TARGETED_DEVICE_FAMILY = "1,2";
			};
			name = Debug;
		};
		E282EE3E2A769D9000A8B7E1 /* Release */ = {
			isa = XCBuildConfiguration;
			buildSettings = {
				ASSETCATALOG_COMPILER_APPICON_NAME = AppIcon;
				ASSETCATALOG_COMPILER_GLOBAL_ACCENT_COLOR_NAME = AccentColor;
				CODE_SIGN_STYLE = Automatic;
				CURRENT_PROJECT_VERSION = 1;
				GENERATE_INFOPLIST_FILE = YES;
				INFOPLIST_FILE = News/Info.plist;
				INFOPLIST_KEY_UIApplicationSupportsIndirectInputEvents = YES;
				INFOPLIST_KEY_UILaunchStoryboardName = LaunchScreen;
				INFOPLIST_KEY_UIMainStoryboardFile = Main;
				INFOPLIST_KEY_UISupportedInterfaceOrientations_iPad = "UIInterfaceOrientationPortrait UIInterfaceOrientationPortraitUpsideDown UIInterfaceOrientationLandscapeLeft UIInterfaceOrientationLandscapeRight";
				INFOPLIST_KEY_UISupportedInterfaceOrientations_iPhone = "UIInterfaceOrientationPortrait UIInterfaceOrientationLandscapeLeft UIInterfaceOrientationLandscapeRight";
				LD_RUNPATH_SEARCH_PATHS = (
					"$(inherited)",
					"@executable_path/Frameworks",
				);
				MARKETING_VERSION = 1.0;
				PRODUCT_BUNDLE_IDENTIFIER = AHMED.News;
				PRODUCT_NAME = "$(TARGET_NAME)";
				SWIFT_EMIT_LOC_STRINGS = YES;
				SWIFT_VERSION = 5.0;
				TARGETED_DEVICE_FAMILY = "1,2";
			};
			name = Release;
		};
		E282EE402A769D9000A8B7E1 /* Debug */ = {
			isa = XCBuildConfiguration;
			buildSettings = {
				ALWAYS_EMBED_SWIFT_STANDARD_LIBRARIES = YES;
				BUNDLE_LOADER = "$(TEST_HOST)";
				CODE_SIGN_STYLE = Automatic;
				CURRENT_PROJECT_VERSION = 1;
				GENERATE_INFOPLIST_FILE = YES;
				IPHONEOS_DEPLOYMENT_TARGET = 16.4;
				MARKETING_VERSION = 1.0;
				PRODUCT_BUNDLE_IDENTIFIER = AHMED.NewsTests;
				PRODUCT_NAME = "$(TARGET_NAME)";
				SWIFT_EMIT_LOC_STRINGS = NO;
				SWIFT_VERSION = 5.0;
				TARGETED_DEVICE_FAMILY = "1,2";
				TEST_HOST = "$(BUILT_PRODUCTS_DIR)/News.app/$(BUNDLE_EXECUTABLE_FOLDER_PATH)/News";
			};
			name = Debug;
		};
		E282EE412A769D9000A8B7E1 /* Release */ = {
			isa = XCBuildConfiguration;
			buildSettings = {
				ALWAYS_EMBED_SWIFT_STANDARD_LIBRARIES = YES;
				BUNDLE_LOADER = "$(TEST_HOST)";
				CODE_SIGN_STYLE = Automatic;
				CURRENT_PROJECT_VERSION = 1;
				GENERATE_INFOPLIST_FILE = YES;
				IPHONEOS_DEPLOYMENT_TARGET = 16.4;
				MARKETING_VERSION = 1.0;
				PRODUCT_BUNDLE_IDENTIFIER = AHMED.NewsTests;
				PRODUCT_NAME = "$(TARGET_NAME)";
				SWIFT_EMIT_LOC_STRINGS = NO;
				SWIFT_VERSION = 5.0;
				TARGETED_DEVICE_FAMILY = "1,2";
				TEST_HOST = "$(BUILT_PRODUCTS_DIR)/News.app/$(BUNDLE_EXECUTABLE_FOLDER_PATH)/News";
			};
			name = Release;
		};
		E282EE432A769D9000A8B7E1 /* Debug */ = {
			isa = XCBuildConfiguration;
			buildSettings = {
				ALWAYS_EMBED_SWIFT_STANDARD_LIBRARIES = YES;
				CODE_SIGN_STYLE = Automatic;
				CURRENT_PROJECT_VERSION = 1;
				GENERATE_INFOPLIST_FILE = YES;
				MARKETING_VERSION = 1.0;
				PRODUCT_BUNDLE_IDENTIFIER = AHMED.NewsUITests;
				PRODUCT_NAME = "$(TARGET_NAME)";
				SWIFT_EMIT_LOC_STRINGS = NO;
				SWIFT_VERSION = 5.0;
				TARGETED_DEVICE_FAMILY = "1,2";
				TEST_TARGET_NAME = News;
			};
			name = Debug;
		};
		E282EE442A769D9000A8B7E1 /* Release */ = {
			isa = XCBuildConfiguration;
			buildSettings = {
				ALWAYS_EMBED_SWIFT_STANDARD_LIBRARIES = YES;
				CODE_SIGN_STYLE = Automatic;
				CURRENT_PROJECT_VERSION = 1;
				GENERATE_INFOPLIST_FILE = YES;
				MARKETING_VERSION = 1.0;
				PRODUCT_BUNDLE_IDENTIFIER = AHMED.NewsUITests;
				PRODUCT_NAME = "$(TARGET_NAME)";
				SWIFT_EMIT_LOC_STRINGS = NO;
				SWIFT_VERSION = 5.0;
				TARGETED_DEVICE_FAMILY = "1,2";
				TEST_TARGET_NAME = News;
			};
			name = Release;
		};
/* End XCBuildConfiguration section */

/* Begin XCConfigurationList section */
		E282EE0A2A769D8C00A8B7E1 /* Build configuration list for PBXProject "News" */ = {
			isa = XCConfigurationList;
			buildConfigurations = (
				E282EE3A2A769D9000A8B7E1 /* Debug */,
				E282EE3B2A769D9000A8B7E1 /* Release */,
			);
			defaultConfigurationIsVisible = 0;
			defaultConfigurationName = Release;
		};
		E282EE3C2A769D9000A8B7E1 /* Build configuration list for PBXNativeTarget "News" */ = {
			isa = XCConfigurationList;
			buildConfigurations = (
				E282EE3D2A769D9000A8B7E1 /* Debug */,
				E282EE3E2A769D9000A8B7E1 /* Release */,
			);
			defaultConfigurationIsVisible = 0;
			defaultConfigurationName = Release;
		};
		E282EE3F2A769D9000A8B7E1 /* Build configuration list for PBXNativeTarget "NewsTests" */ = {
			isa = XCConfigurationList;
			buildConfigurations = (
				E282EE402A769D9000A8B7E1 /* Debug */,
				E282EE412A769D9000A8B7E1 /* Release */,
			);
			defaultConfigurationIsVisible = 0;
			defaultConfigurationName = Release;
		};
		E282EE422A769D9000A8B7E1 /* Build configuration list for PBXNativeTarget "NewsUITests" */ = {
			isa = XCConfigurationList;
			buildConfigurations = (
				E282EE432A769D9000A8B7E1 /* Debug */,
				E282EE442A769D9000A8B7E1 /* Release */,
			);
			defaultConfigurationIsVisible = 0;
			defaultConfigurationName = Release;
		};
/* End XCConfigurationList section */

/* Begin XCVersionGroup section */
		E282EE1B2A769D8C00A8B7E1 /* News.xcdatamodeld */ = {
			isa = XCVersionGroup;
			children = (
				E282EE1C2A769D8C00A8B7E1 /* News.xcdatamodel */,
			);
			currentVersion = E282EE1C2A769D8C00A8B7E1 /* News.xcdatamodel */;
			path = News.xcdatamodeld;
			sourceTree = "<group>";
			versionGroupType = wrapper.xcdatamodel;
		};
/* End XCVersionGroup section */
	};
	rootObject = E282EE072A769D8C00A8B7E1 /* Project object */;
}
